// !$*UTF8*$!
{
	archiveVersion = 1;
	classes = {
	};
	objectVersion = 50;
	objects = {

/* Begin PBXBuildFile section */
		063E6A34214B4BF70015C31D /* main.swift in Sources */ = {isa = PBXBuildFile; fileRef = 063E6A33214B4BF70015C31D /* main.swift */; };
		063E6A3B214B4CE70015C31D /* NSImage+FaceExtraction.swift in Sources */ = {isa = PBXBuildFile; fileRef = 063E6A3A214B4CE70015C31D /* NSImage+FaceExtraction.swift */; };
		06964562214D7F3800AE3B9E /* String+FileManagement.swift in Sources */ = {isa = PBXBuildFile; fileRef = 06964561214D7F3800AE3B9E /* String+FileManagement.swift */; };
		06964564214D9FBC00AE3B9E /* String+Subscript.swift in Sources */ = {isa = PBXBuildFile; fileRef = 06964563214D9FBC00AE3B9E /* String+Subscript.swift */; };
/* End PBXBuildFile section */

/* Begin PBXCopyFilesBuildPhase section */
		063E6A2E214B4BF70015C31D /* CopyFiles */ = {
			isa = PBXCopyFilesBuildPhase;
			buildActionMask = 2147483647;
			dstPath = /usr/share/man/man1/;
			dstSubfolderSpec = 0;
			files = (
			);
			runOnlyForDeploymentPostprocessing = 1;
		};
/* End PBXCopyFilesBuildPhase section */

/* Begin PBXFileReference section */
		063E6A30214B4BF70015C31D /* ExtractFaces */ = {isa = PBXFileReference; explicitFileType = "compiled.mach-o.executable"; includeInIndex = 0; path = ExtractFaces; sourceTree = BUILT_PRODUCTS_DIR; };
		063E6A33214B4BF70015C31D /* main.swift */ = {isa = PBXFileReference; lastKnownFileType = sourcecode.swift; path = main.swift; sourceTree = "<group>"; };
		063E6A3A214B4CE70015C31D /* NSImage+FaceExtraction.swift */ = {isa = PBXFileReference; lastKnownFileType = sourcecode.swift; path = "NSImage+FaceExtraction.swift"; sourceTree = "<group>"; };
		06964561214D7F3800AE3B9E /* String+FileManagement.swift */ = {isa = PBXFileReference; lastKnownFileType = sourcecode.swift; path = "String+FileManagement.swift"; sourceTree = "<group>"; };
		06964563214D9FBC00AE3B9E /* String+Subscript.swift */ = {isa = PBXFileReference; lastKnownFileType = sourcecode.swift; path = "String+Subscript.swift"; sourceTree = "<group>"; };
/* End PBXFileReference section */

/* Begin PBXFrameworksBuildPhase section */
		063E6A2D214B4BF70015C31D /* Frameworks */ = {
			isa = PBXFrameworksBuildPhase;
			buildActionMask = 2147483647;
			files = (
			);
			runOnlyForDeploymentPostprocessing = 0;
		};
/* End PBXFrameworksBuildPhase section */

/* Begin PBXGroup section */
		063E6A27214B4BF70015C31D = {
			isa = PBXGroup;
			children = (
				063E6A32214B4BF70015C31D /* ExtractFaces */,
				063E6A31214B4BF70015C31D /* Products */,
			);
			sourceTree = "<group>";
		};
		063E6A31214B4BF70015C31D /* Products */ = {
			isa = PBXGroup;
			children = (
				063E6A30214B4BF70015C31D /* ExtractFaces */,
			);
			name = Products;
			sourceTree = "<group>";
		};
		063E6A32214B4BF70015C31D /* ExtractFaces */ = {
			isa = PBXGroup;
			children = (
				063E6A33214B4BF70015C31D /* main.swift */,
				063E6A3A214B4CE70015C31D /* NSImage+FaceExtraction.swift */,
				06964561214D7F3800AE3B9E /* String+FileManagement.swift */,
				06964563214D9FBC00AE3B9E /* String+Subscript.swift */,
			);
			path = ExtractFaces;
			sourceTree = "<group>";
		};
/* End PBXGroup section */

/* Begin PBXNativeTarget section */
		063E6A2F214B4BF70015C31D /* ExtractFaces */ = {
			isa = PBXNativeTarget;
			buildConfigurationList = 063E6A37214B4BF70015C31D /* Build configuration list for PBXNativeTarget "ExtractFaces" */;
			buildPhases = (
				063E6A2C214B4BF70015C31D /* Sources */,
				063E6A2D214B4BF70015C31D /* Frameworks */,
				063E6A2E214B4BF70015C31D /* CopyFiles */,
			);
			buildRules = (
			);
			dependencies = (
			);
			name = ExtractFaces;
			productName = ExtractFaces;
			productReference = 063E6A30214B4BF70015C31D /* ExtractFaces */;
			productType = "com.apple.product-type.tool";
		};
/* End PBXNativeTarget section */

/* Begin PBXProject section */
		063E6A28214B4BF70015C31D /* Project object */ = {
			isa = PBXProject;
			attributes = {
				LastSwiftUpdateCheck = 1000;
				LastUpgradeCheck = 1000;
				ORGANIZATIONNAME = "Manish Singh";
				TargetAttributes = {
					063E6A2F214B4BF70015C31D = {
						CreatedOnToolsVersion = 10.0;
					};
				};
			};
			buildConfigurationList = 063E6A2B214B4BF70015C31D /* Build configuration list for PBXProject "ExtractFaces" */;
			compatibilityVersion = "Xcode 9.3";
			developmentRegion = en;
			hasScannedForEncodings = 0;
			knownRegions = (
				en,
			);
			mainGroup = 063E6A27214B4BF70015C31D;
			productRefGroup = 063E6A31214B4BF70015C31D /* Products */;
			projectDirPath = "";
			projectRoot = "";
			targets = (
				063E6A2F214B4BF70015C31D /* ExtractFaces */,
			);
		};
/* End PBXProject section */

/* Begin PBXSourcesBuildPhase section */
		063E6A2C214B4BF70015C31D /* Sources */ = {
			isa = PBXSourcesBuildPhase;
			buildActionMask = 2147483647;
			files = (
				06964564214D9FBC00AE3B9E /* String+Subscript.swift in Sources */,
				06964562214D7F3800AE3B9E /* String+FileManagement.swift in Sources */,
				063E6A3B214B4CE70015C31D /* NSImage+FaceExtraction.swift in Sources */,
				063E6A34214B4BF70015C31D /* main.swift in Sources */,
			);
			runOnlyForDeploymentPostprocessing = 0;
		};
/* End PBXSourcesBuildPhase section */

/* Begin XCBuildConfiguration section */
		063E6A35214B4BF70015C31D /* Debug */ = {
			isa = XCBuildConfiguration;
			buildSettings = {
				ALWAYS_SEARCH_USER_PATHS = NO;
				CLANG_ANALYZER_NONNULL = YES;
				CLANG_ANALYZER_NUMBER_OBJECT_CONVERSION = YES_AGGRESSIVE;
				CLANG_CXX_LANGUAGE_STANDARD = "gnu++14";
				CLANG_CXX_LIBRARY = "libc++";
				CLANG_ENABLE_MODULES = YES;
				CLANG_ENABLE_OBJC_ARC = YES;
				CLANG_ENABLE_OBJC_WEAK = YES;
				CLANG_WARN_BLOCK_CAPTURE_AUTORELEASING = YES;
				CLANG_WARN_BOOL_CONVERSION = YES;
				CLANG_WARN_COMMA = YES;
				CLANG_WARN_CONSTANT_CONVERSION = YES;
				CLANG_WARN_DEPRECATED_OBJC_IMPLEMENTATIONS = YES;
				CLANG_WARN_DIRECT_OBJC_ISA_USAGE = YES_ERROR;
				CLANG_WARN_DOCUMENTATION_COMMENTS = YES;
				CLANG_WARN_EMPTY_BODY = YES;
				CLANG_WARN_ENUM_CONVERSION = YES;
				CLANG_WARN_INFINITE_RECURSION = YES;
				CLANG_WARN_INT_CONVERSION = YES;
				CLANG_WARN_NON_LITERAL_NULL_CONVERSION = YES;
				CLANG_WARN_OBJC_IMPLICIT_RETAIN_SELF = YES;
				CLANG_WARN_OBJC_LITERAL_CONVERSION = YES;
				CLANG_WARN_OBJC_ROOT_CLASS = YES_ERROR;
				CLANG_WARN_RANGE_LOOP_ANALYSIS = YES;
				CLANG_WARN_STRICT_PROTOTYPES = YES;
				CLANG_WARN_SUSPICIOUS_MOVE = YES;
				CLANG_WARN_UNGUARDED_AVAILABILITY = YES_AGGRESSIVE;
				CLANG_WARN_UNREACHABLE_CODE = YES;
				CLANG_WARN__DUPLICATE_METHOD_MATCH = YES;
				CODE_SIGN_IDENTITY = "Mac Developer";
				COPY_PHASE_STRIP = NO;
				DEBUG_INFORMATION_FORMAT = dwarf;
				ENABLE_STRICT_OBJC_MSGSEND = YES;
				ENABLE_TESTABILITY = YES;
				GCC_C_LANGUAGE_STANDARD = gnu11;
				GCC_DYNAMIC_NO_PIC = NO;
				GCC_NO_COMMON_BLOCKS = YES;
				GCC_OPTIMIZATION_LEVEL = 0;
				GCC_PREPROCESSOR_DEFINITIONS = (
					"DEBUG=1",
					"$(inherited)",
				);
				GCC_WARN_64_TO_32_BIT_CONVERSION = YES;
				GCC_WARN_ABOUT_RETURN_TYPE = YES_ERROR;
				GCC_WARN_UNDECLARED_SELECTOR = YES;
				GCC_WARN_UNINITIALIZED_AUTOS = YES_AGGRESSIVE;
				GCC_WARN_UNUSED_FUNCTION = YES;
				GCC_WARN_UNUSED_VARIABLE = YES;
				MACOSX_DEPLOYMENT_TARGET = 10.14;
				MTL_ENABLE_DEBUG_INFO = INCLUDE_SOURCE;
				ONLY_ACTIVE_ARCH = YES;
				SDKROOT = macosx;
				SWIFT_ACTIVE_COMPILATION_CONDITIONS = DEBUG;
				SWIFT_OPTIMIZATION_LEVEL = "-Onone";
			};
			name = Debug;
		};
		063E6A36214B4BF70015C31D /* Release */ = {
			isa = XCBuildConfiguration;
			buildSettings = {
				ALWAYS_SEARCH_USER_PATHS = NO;
				CLANG_ANALYZER_NONNULL = YES;
				CLANG_ANALYZER_NUMBER_OBJECT_CONVERSION = YES_AGGRESSIVE;
				CLANG_CXX_LANGUAGE_STANDARD = "gnu++14";
				CLANG_CXX_LIBRARY = "libc++";
				CLANG_ENABLE_MODULES = YES;
				CLANG_ENABLE_OBJC_ARC = YES;
				CLANG_ENABLE_OBJC_WEAK = YES;
				CLANG_WARN_BLOCK_CAPTURE_AUTORELEASING = YES;
				CLANG_WARN_BOOL_CONVERSION = YES;
				CLANG_WARN_COMMA = YES;
				CLANG_WARN_CONSTANT_CONVERSION = YES;
				CLANG_WARN_DEPRECATED_OBJC_IMPLEMENTATIONS = YES;
				CLANG_WARN_DIRECT_OBJC_ISA_USAGE = YES_ERROR;
				CLANG_WARN_DOCUMENTATION_COMMENTS = YES;
				CLANG_WARN_EMPTY_BODY = YES;
				CLANG_WARN_ENUM_CONVERSION = YES;
				CLANG_WARN_INFINITE_RECURSION = YES;
				CLANG_WARN_INT_CONVERSION = YES;
				CLANG_WARN_NON_LITERAL_NULL_CONVERSION = YES;
				CLANG_WARN_OBJC_IMPLICIT_RETAIN_SELF = YES;
				CLANG_WARN_OBJC_LITERAL_CONVERSION = YES;
				CLANG_WARN_OBJC_ROOT_CLASS = YES_ERROR;
				CLANG_WARN_RANGE_LOOP_ANALYSIS = YES;
				CLANG_WARN_STRICT_PROTOTYPES = YES;
				CLANG_WARN_SUSPICIOUS_MOVE = YES;
				CLANG_WARN_UNGUARDED_AVAILABILITY = YES_AGGRESSIVE;
				CLANG_WARN_UNREACHABLE_CODE = YES;
				CLANG_WARN__DUPLICATE_METHOD_MATCH = YES;
				CODE_SIGN_IDENTITY = "Mac Developer";
				COPY_PHASE_STRIP = NO;
				DEBUG_INFORMATION_FORMAT = "dwarf-with-dsym";
				ENABLE_NS_ASSERTIONS = NO;
				ENABLE_STRICT_OBJC_MSGSEND = YES;
				GCC_C_LANGUAGE_STANDARD = gnu11;
				GCC_NO_COMMON_BLOCKS = YES;
				GCC_WARN_64_TO_32_BIT_CONVERSION = YES;
				GCC_WARN_ABOUT_RETURN_TYPE = YES_ERROR;
				GCC_WARN_UNDECLARED_SELECTOR = YES;
				GCC_WARN_UNINITIALIZED_AUTOS = YES_AGGRESSIVE;
				GCC_WARN_UNUSED_FUNCTION = YES;
				GCC_WARN_UNUSED_VARIABLE = YES;
				MACOSX_DEPLOYMENT_TARGET = 10.14;
				MTL_ENABLE_DEBUG_INFO = NO;
				SDKROOT = macosx;
				SWIFT_COMPILATION_MODE = wholemodule;
				SWIFT_OPTIMIZATION_LEVEL = "-O";
			};
			name = Release;
		};
		063E6A38214B4BF70015C31D /* Debug */ = {
			isa = XCBuildConfiguration;
			buildSettings = {
				CODE_SIGN_STYLE = Automatic;
				DEVELOPMENT_TEAM = 79FS6EETVS;
				PRODUCT_NAME = "$(TARGET_NAME)";
				SWIFT_VERSION = 4.0;
			};
			name = Debug;
		};
		063E6A39214B4BF70015C31D /* Release */ = {
			isa = XCBuildConfiguration;
			buildSettings = {
				CODE_SIGN_STYLE = Automatic;
				DEVELOPMENT_TEAM = 79FS6EETVS;
				PRODUCT_NAME = "$(TARGET_NAME)";
				SWIFT_VERSION = 4.0;
			};
			name = Release;
		};
/* End XCBuildConfiguration section */

/* Begin XCConfigurationList section */
		063E6A2B214B4BF70015C31D /* Build configuration list for PBXProject "ExtractFaces" */ = {
			isa = XCConfigurationList;
			buildConfigurations = (
				063E6A35214B4BF70015C31D /* Debug */,
				063E6A36214B4BF70015C31D /* Release */,
			);
			defaultConfigurationIsVisible = 0;
			defaultConfigurationName = Release;
		};
		063E6A37214B4BF70015C31D /* Build configuration list for PBXNativeTarget "ExtractFaces" */ = {
			isa = XCConfigurationList;
			buildConfigurations = (
				063E6A38214B4BF70015C31D /* Debug */,
				063E6A39214B4BF70015C31D /* Release */,
			);
			defaultConfigurationIsVisible = 0;
			defaultConfigurationName = Release;
		};
/* End XCConfigurationList section */
	};
	rootObject = 063E6A28214B4BF70015C31D /* Project object */;
}
